{
  "object": {
    "pins": [
      {
        "package": "LilySwift",
        "repositoryURL": "https://github.com/wdkk/LilySwift.git",
        "state": {
          "branch": null,
          "revision": "9d75ec919568a1f94a7180da79040ab7e2e216f2",
          "version": "4.5.44"
        }
      }
    ]
  },
  "version": 1
}
