{
  "object": {
    "pins": [
      {
        "package": "LilySwift",
        "repositoryURL": "https://github.com/wdkk/LilySwift.git",
        "state": {
          "branch": null,
          "revision": "1d10ff2482f253320d740fc8d91ab3190b8635d0",
          "version": "4.5.41"
        }
      }
    ]
  },
  "version": 1
}
