{
  "pins" : [
    {
      "identity" : "lilyswiftforplayground",
      "kind" : "remoteSourceControl",
      "location" : "https://github.com/wdkk/LilySwiftForPlayground.git",
      "state" : {
        "revision" : "13542fe575b235f17e3f7bc95f9c3098922c7ab3",
        "version" : "4.9.9"
      }
    }
  ],
  "version" : 2
}
